
Microsoft Visual Studio Solution File, Format Version 12.00
# Visual Studio 15
VisualStudioVersion = 15.0.27004.2002
MinimumVisualStudioVersion = 10.0.40219.1
Project("{FAE04EC0-301F-11D3-BF4B-00C04F79EFBC}") = "CopyCollector", "CopyCollector\CopyCollector.csproj", "{4BC5F70A-73A0-4BEE-84E4-D1379AF0D080}"
EndProject
Project("{FAE04EC0-301F-11D3-BF4B-00C04F79EFBC}") = "CopyCollectorTest", "CopyCollectorTest\CopyCollectorTest.csproj", "{40E2D0B6-CEA3-438E-99E6-F68B617E367C}"
EndProject
Global
	GlobalSection(SolutionConfigurationPlatforms) = preSolution
		Debug|Any CPU = Debug|Any CPU
		Release|Any CPU = Release|Any CPU
	EndGlobalSection
	GlobalSection(ProjectConfigurationPlatforms) = postSolution
		{4BC5F70A-73A0-4BEE-84E4-D1379AF0D080}.Debug|Any CPU.ActiveCfg = Debug|Any CPU
		{4BC5F70A-73A0-4BEE-84E4-D1379AF0D080}.Debug|Any CPU.Build.0 = Debug|Any CPU
		{4BC5F70A-73A0-4BEE-84E4-D1379AF0D080}.Release|Any CPU.ActiveCfg = Release|Any CPU
		{4BC5F70A-73A0-4BEE-84E4-D1379AF0D080}.Release|Any CPU.Build.0 = Release|Any CPU
		{40E2D0B6-CEA3-438E-99E6-F68B617E367C}.Debug|Any CPU.ActiveCfg = Debug|Any CPU
		{40E2D0B6-CEA3-438E-99E6-F68B617E367C}.Debug|Any CPU.Build.0 = Debug|Any CPU
		{40E2D0B6-CEA3-438E-99E6-F68B617E367C}.Release|Any CPU.ActiveCfg = Release|Any CPU
		{40E2D0B6-CEA3-438E-99E6-F68B617E367C}.Release|Any CPU.Build.0 = Release|Any CPU
	EndGlobalSection
	GlobalSection(SolutionProperties) = preSolution
		HideSolutionNode = FALSE
	EndGlobalSection
	GlobalSection(ExtensibilityGlobals) = postSolution
		SolutionGuid = {D6F2D252-34B0-47F5-8ED7-BFB38FCF9B6D}
	EndGlobalSection
EndGlobal
